
Microsoft Visual Studio Solution File, Format Version 12.00
# Visual Studio Version 17
VisualStudioVersion = 17.4.33205.214
MinimumVisualStudioVersion = 10.0.40219.1
Project("{9A19103F-16F7-4668-BE54-9A1E7A4F7556}") = "FitMate.Presentation", "FitMate.UI.Web\FitMate.Presentation.csproj", "{45D809F0-1872-4A00-8BB9-BEBC247A5D1A}"
EndProject
Project("{9A19103F-16F7-4668-BE54-9A1E7A4F7556}") = "FitMate.Core", "FitMate.DAL\FitMate.Core.csproj", "{CADF3DA3-5E46-4598-B6BB-D442944920A2}"
EndProject
Project("{FAE04EC0-301F-11D3-BF4B-00C04F79EFBC}") = "FitMate.Infrastucture", "FitMate.Core\FitMate.Infrastucture.csproj", "{93AF4C69-667A-4A47-8B58-B84B4253A82B}"
EndProject
Project("{FAE04EC0-301F-11D3-BF4B-00C04F79EFBC}") = "FitMate.Business", "FitMate.Business\FitMate.Business.csproj", "{EFD785F3-9F55-41B8-892D-D3E6EE32385D}"
EndProject
Project("{FAE04EC0-301F-11D3-BF4B-00C04F79EFBC}") = "FitMate.Application", "FitMate.Application\FitMate.Application.csproj", "{0BCBFFC7-E587-4478-9E36-69F8CAF9C7F0}"
EndProject
Global
	GlobalSection(SolutionConfigurationPlatforms) = preSolution
		Debug|Any CPU = Debug|Any CPU
		Release|Any CPU = Release|Any CPU
	EndGlobalSection
	GlobalSection(ProjectConfigurationPlatforms) = postSolution
		{45D809F0-1872-4A00-8BB9-BEBC247A5D1A}.Debug|Any CPU.ActiveCfg = Debug|Any CPU
		{45D809F0-1872-4A00-8BB9-BEBC247A5D1A}.Debug|Any CPU.Build.0 = Debug|Any CPU
		{45D809F0-1872-4A00-8BB9-BEBC247A5D1A}.Release|Any CPU.ActiveCfg = Release|Any CPU
		{45D809F0-1872-4A00-8BB9-BEBC247A5D1A}.Release|Any CPU.Build.0 = Release|Any CPU
		{CADF3DA3-5E46-4598-B6BB-D442944920A2}.Debug|Any CPU.ActiveCfg = Debug|Any CPU
		{CADF3DA3-5E46-4598-B6BB-D442944920A2}.Debug|Any CPU.Build.0 = Debug|Any CPU
		{CADF3DA3-5E46-4598-B6BB-D442944920A2}.Release|Any CPU.ActiveCfg = Release|Any CPU
		{CADF3DA3-5E46-4598-B6BB-D442944920A2}.Release|Any CPU.Build.0 = Release|Any CPU
		{93AF4C69-667A-4A47-8B58-B84B4253A82B}.Debug|Any CPU.ActiveCfg = Debug|Any CPU
		{93AF4C69-667A-4A47-8B58-B84B4253A82B}.Debug|Any CPU.Build.0 = Debug|Any CPU
		{93AF4C69-667A-4A47-8B58-B84B4253A82B}.Release|Any CPU.ActiveCfg = Release|Any CPU
		{93AF4C69-667A-4A47-8B58-B84B4253A82B}.Release|Any CPU.Build.0 = Release|Any CPU
		{EFD785F3-9F55-41B8-892D-D3E6EE32385D}.Debug|Any CPU.ActiveCfg = Debug|Any CPU
		{EFD785F3-9F55-41B8-892D-D3E6EE32385D}.Debug|Any CPU.Build.0 = Debug|Any CPU
		{EFD785F3-9F55-41B8-892D-D3E6EE32385D}.Release|Any CPU.ActiveCfg = Release|Any CPU
		{EFD785F3-9F55-41B8-892D-D3E6EE32385D}.Release|Any CPU.Build.0 = Release|Any CPU
		{0BCBFFC7-E587-4478-9E36-69F8CAF9C7F0}.Debug|Any CPU.ActiveCfg = Debug|Any CPU
		{0BCBFFC7-E587-4478-9E36-69F8CAF9C7F0}.Debug|Any CPU.Build.0 = Debug|Any CPU
		{0BCBFFC7-E587-4478-9E36-69F8CAF9C7F0}.Release|Any CPU.ActiveCfg = Release|Any CPU
		{0BCBFFC7-E587-4478-9E36-69F8CAF9C7F0}.Release|Any CPU.Build.0 = Release|Any CPU
	EndGlobalSection
	GlobalSection(SolutionProperties) = preSolution
		HideSolutionNode = FALSE
	EndGlobalSection
	GlobalSection(ExtensibilityGlobals) = postSolution
		SolutionGuid = {ACCFCAA5-716F-4352-A281-01F316B31659}
	EndGlobalSection
EndGlobal
